
Microsoft Visual Studio Solution File, Format Version 12.00
# Visual Studio 14
VisualStudioVersion = 14.0.24720.0
MinimumVisualStudioVersion = 10.0.40219.1
Project("{FAE04EC0-301F-11D3-BF4B-00C04F79EFBC}") = "App1", "App1\App1.csproj", "{DE41EB4B-FB6C-4BF4-BE3B-28C0B5F3E7F3}"
EndProject
Project("{FAE04EC0-301F-11D3-BF4B-00C04F79EFBC}") = "App2", "App2\App2.csproj", "{8DDA2104-BFFA-45C0-B06F-EECAA03AD6C2}"
EndProject
Project("{FAE04EC0-301F-11D3-BF4B-00C04F79EFBC}") = "App2-2", "App2-2\App2-2.csproj", "{DBD08A66-9473-4F1C-B4B9-F3251BC9D06C}"
EndProject
Project("{FAE04EC0-301F-11D3-BF4B-00C04F79EFBC}") = "App3", "App3\App3.csproj", "{124D770A-A8C2-488B-8223-9EB9C5945DA4}"
EndProject
Global
	GlobalSection(SolutionConfigurationPlatforms) = preSolution
		Debug|Any CPU = Debug|Any CPU
		Release|Any CPU = Release|Any CPU
	EndGlobalSection
	GlobalSection(ProjectConfigurationPlatforms) = postSolution
		{DE41EB4B-FB6C-4BF4-BE3B-28C0B5F3E7F3}.Debug|Any CPU.ActiveCfg = Debug|Any CPU
		{DE41EB4B-FB6C-4BF4-BE3B-28C0B5F3E7F3}.Debug|Any CPU.Build.0 = Debug|Any CPU
		{DE41EB4B-FB6C-4BF4-BE3B-28C0B5F3E7F3}.Release|Any CPU.ActiveCfg = Release|Any CPU
		{DE41EB4B-FB6C-4BF4-BE3B-28C0B5F3E7F3}.Release|Any CPU.Build.0 = Release|Any CPU
		{8DDA2104-BFFA-45C0-B06F-EECAA03AD6C2}.Debug|Any CPU.ActiveCfg = Debug|Any CPU
		{8DDA2104-BFFA-45C0-B06F-EECAA03AD6C2}.Debug|Any CPU.Build.0 = Debug|Any CPU
		{8DDA2104-BFFA-45C0-B06F-EECAA03AD6C2}.Release|Any CPU.ActiveCfg = Release|Any CPU
		{8DDA2104-BFFA-45C0-B06F-EECAA03AD6C2}.Release|Any CPU.Build.0 = Release|Any CPU
		{DBD08A66-9473-4F1C-B4B9-F3251BC9D06C}.Debug|Any CPU.ActiveCfg = Debug|Any CPU
		{DBD08A66-9473-4F1C-B4B9-F3251BC9D06C}.Debug|Any CPU.Build.0 = Debug|Any CPU
		{DBD08A66-9473-4F1C-B4B9-F3251BC9D06C}.Release|Any CPU.ActiveCfg = Release|Any CPU
		{DBD08A66-9473-4F1C-B4B9-F3251BC9D06C}.Release|Any CPU.Build.0 = Release|Any CPU
		{124D770A-A8C2-488B-8223-9EB9C5945DA4}.Debug|Any CPU.ActiveCfg = Debug|Any CPU
		{124D770A-A8C2-488B-8223-9EB9C5945DA4}.Debug|Any CPU.Build.0 = Debug|Any CPU
		{124D770A-A8C2-488B-8223-9EB9C5945DA4}.Release|Any CPU.ActiveCfg = Release|Any CPU
		{124D770A-A8C2-488B-8223-9EB9C5945DA4}.Release|Any CPU.Build.0 = Release|Any CPU
	EndGlobalSection
	GlobalSection(SolutionProperties) = preSolution
		HideSolutionNode = FALSE
	EndGlobalSection
EndGlobal
